
Microsoft Visual Studio Solution File, Format Version 12.00
# Visual Studio Version 17
VisualStudioVersion = 17.13.35818.85 d17.13
MinimumVisualStudioVersion = 10.0.40219.1
Project("{FAE04EC0-301F-11D3-BF4B-00C04F79EFBC}") = "Multiply", "Multiply\Multiply.csproj", "{A1EC698D-D348-4AEC-8276-57E21F8F1128}"
EndProject
Project("{FAE04EC0-301F-11D3-BF4B-00C04F79EFBC}") = "Rhombuss", "Rhombuss\Rhombuss.csproj", "{A31B318B-60AF-481B-A448-B8DFCCA83C0E}"
EndProject
Global
	GlobalSection(SolutionConfigurationPlatforms) = preSolution
		Debug|Any CPU = Debug|Any CPU
		Release|Any CPU = Release|Any CPU
	EndGlobalSection
	GlobalSection(ProjectConfigurationPlatforms) = postSolution
		{A1EC698D-D348-4AEC-8276-57E21F8F1128}.Debug|Any CPU.ActiveCfg = Debug|Any CPU
		{A1EC698D-D348-4AEC-8276-57E21F8F1128}.Debug|Any CPU.Build.0 = Debug|Any CPU
		{A1EC698D-D348-4AEC-8276-57E21F8F1128}.Release|Any CPU.ActiveCfg = Release|Any CPU
		{A1EC698D-D348-4AEC-8276-57E21F8F1128}.Release|Any CPU.Build.0 = Release|Any CPU
		{A31B318B-60AF-481B-A448-B8DFCCA83C0E}.Debug|Any CPU.ActiveCfg = Debug|Any CPU
		{A31B318B-60AF-481B-A448-B8DFCCA83C0E}.Debug|Any CPU.Build.0 = Debug|Any CPU
		{A31B318B-60AF-481B-A448-B8DFCCA83C0E}.Release|Any CPU.ActiveCfg = Release|Any CPU
		{A31B318B-60AF-481B-A448-B8DFCCA83C0E}.Release|Any CPU.Build.0 = Release|Any CPU
	EndGlobalSection
	GlobalSection(SolutionProperties) = preSolution
		HideSolutionNode = FALSE
	EndGlobalSection
	GlobalSection(ExtensibilityGlobals) = postSolution
		SolutionGuid = {A9DDD30F-F045-483B-BE35-26188DF86CF1}
	EndGlobalSection
EndGlobal
